
Microsoft Visual Studio Solution File, Format Version 12.00
Project("{FAE04EC0-301F-11D3-BF4B-00C04F79EFBC}") = "MudBlazor.Translations", "src\MudBlazor.Translations\MudBlazor.Translations.csproj", "{0F9D8841-8BD5-44FE-8884-ADF06E5CE82E}"
EndProject
Global
	GlobalSection(SolutionConfigurationPlatforms) = preSolution
		Debug|Any CPU = Debug|Any CPU
		Release|Any CPU = Release|Any CPU
	EndGlobalSection
	GlobalSection(ProjectConfigurationPlatforms) = postSolution
		{0F9D8841-8BD5-44FE-8884-ADF06E5CE82E}.Debug|Any CPU.ActiveCfg = Debug|Any CPU
		{0F9D8841-8BD5-44FE-8884-ADF06E5CE82E}.Debug|Any CPU.Build.0 = Debug|Any CPU
		{0F9D8841-8BD5-44FE-8884-ADF06E5CE82E}.Release|Any CPU.ActiveCfg = Release|Any CPU
		{0F9D8841-8BD5-44FE-8884-ADF06E5CE82E}.Release|Any CPU.Build.0 = Release|Any CPU
	EndGlobalSection
EndGlobal
